SITE
  remote: http://community.opscode.com/api/v1
  specs:
    apt (1.9.0)
    build-essential (1.3.4)
    chef_gem (0.1.0)
    chef_handler (1.1.4)
    dmg (1.1.0)
    git (2.3.0)
      build-essential (>= 0.0.0)
      dmg (>= 0.0.0)
      runit (~> 1.0)
      windows (>= 0.0.0)
      yum (>= 0.0.0)
    nginx (1.4.0)
      apt (>= 0.0.0)
      build-essential (>= 0.0.0)
      ohai (>= 1.1.4)
      yum (>= 0.0.0)
    ohai (1.1.8)
    openssl (1.0.2)
    postgresql (2.2.2)
      openssl (>= 0.0.0)
    runit (1.1.0)
      build-essential (>= 0.0.0)
    unicorn (1.2.2)
    windows (1.8.4)
      chef_handler (>= 0.0.0)
    yum (2.2.0)

GIT
  remote: git://github.com/fnichol/chef-rvm.git
  ref: master
  sha: 3ad80bc97c5cc7e4df3b001007a4deb3355beff5
  specs:
    rvm (0.9.1)
      chef_gem (>= 0.0.0)

GIT
  remote: git@github.com:dmytro/github_keys.git
  ref: master
  sha: c2982e60d97bcc94a7f6f08d80110639e0e7b9d3
  specs:
    github_keys (0.0.1)

GIT
  remote: https://github.com/edelight/chef-solo-search.git
  ref: master
  sha: 915792dcb9e2cfe59d7499a00e847dd824da7fda
  specs:
    chef-solo-search (0.4.0)

GIT
  remote: https://github.com/scalarium/example-cookbooks
  ref: master
  sha: fa9053f2572b5e4992a207733780ccaa29ad07ff
  specs:
    redis (0.1.0)

DEPENDENCIES
  build-essential (>= 0)
  chef-solo-search (>= 0)
  git (>= 0)
  github_keys (>= 0)
  nginx (>= 0)
  postgresql (>= 0)
  redis (>= 0)
  rvm (>= 0)
  unicorn (>= 0)

